{
  "lockfileVersion": 1,
  "configVersion": 1,
  "workspaces": {
    "": {
      "name": "doelab",
      "devDependencies": {
        "@bufbuild/buf": "^1.72.0",
        "@bufbuild/protoc-gen-es": "^2.13.0",
        "@types/node": "^26.1.1",
        "prettier": "^3",
        "prettier-plugin-svelte": "^4",
        "prettier-plugin-tailwindcss": "^0.8",
        "turbo": "^2.10.6",
        "typescript": "^7.0.2",
      },
    },
    "apps/api": {
      "name": "@doelab/api",
      "version": "0.0.0",
    },
    "packages/db": {
      "name": "@doelab/db",
      "version": "0.0.0",
    },
    "packages/gen": {
      "name": "@doelab/gen",
      "version": "0.0.0",
      "dependencies": {
        "@bufbuild/protobuf": "^2.13.0",
      },
    },
  },
  "trustedDependencies": [
    "@bufbuild/buf",
  ],
  "packages": {
    "@bufbuild/buf": ["@bufbuild/buf@1.73.0", "", { "optionalDependencies": { "@bufbuild/buf-darwin-arm64": "1.73.0", "@bufbuild/buf-darwin-x64": "1.73.0", "@bufbuild/buf-linux-aarch64": "1.73.0", "@bufbuild/buf-linux-armv7": "1.73.0", "@bufbuild/buf-linux-x64": "1.73.0", "@bufbuild/buf-win32-arm64": "1.73.0", "@bufbuild/buf-win32-x64": "1.73.0" }, "bin": { "buf": "bin/buf", "protoc-gen-buf-lint": "bin/protoc-gen-buf-lint", "protoc-gen-buf-breaking": "bin/protoc-gen-buf-breaking" } }, "sha512-W3whb4P1y3Hs9bqwCu9++W1v1ofHZ3dBUCe6JSZq0Ff5OK5UKKZuMN4iunPbgdyXY4+4ujEYf2ESrN/6MbcFSQ=="],

    "@bufbuild/buf-darwin-arm64": ["@bufbuild/buf-darwin-arm64@1.73.0", "", { "os": "darwin", "cpu": "arm64" }, "sha512-cDd3y376ecClhyytNLlY3AtsZqsqXvEkQjMvrahrv/xUWWhEIX3efD8y0uufXDe8Yuk3sEmj7J1Xlx73Y46SkA=="],

    "@bufbuild/buf-darwin-x64": ["@bufbuild/buf-darwin-x64@1.73.0", "", { "os": "darwin", "cpu": "x64" }, "sha512-VTBTCwaqT7otsMGXlk3MRu6x5hp+YH9PaLKcyWAa8wEt0NnMzbXdkE8GiLgI8Qkl7S3+pC9YSTCE/I+O87Fvrw=="],

    "@bufbuild/buf-linux-aarch64": ["@bufbuild/buf-linux-aarch64@1.73.0", "", { "os": "linux", "cpu": "arm64" }, "sha512-HjoQ3wbLiUv5N5XLM3EAR2FY51Yn6t5MEXLPnS/Hx0KDkK/5eyIBZZ6toHBLjczAr1RTA1LagF38+lglZI+kvA=="],

    "@bufbuild/buf-linux-armv7": ["@bufbuild/buf-linux-armv7@1.73.0", "", { "os": "linux", "cpu": "arm" }, "sha512-NsZuVg8hXfGcR96Is14ArKxZg6pdJb6kb63bx2g7q8Cjo+gRqZMBFKGvF/fnQMxTrRQAm6hzeF4a2vV4W3lszg=="],

    "@bufbuild/buf-linux-x64": ["@bufbuild/buf-linux-x64@1.73.0", "", { "os": "linux", "cpu": "x64" }, "sha512-dMe6lBQrlHTU7DzqzaR7Udky7R78EDzzxtYZQdjkZun9jKdjGR4fLbPWEPyY4rLGVyk6UUnrtkf5qoIK2SC6qw=="],

    "@bufbuild/buf-win32-arm64": ["@bufbuild/buf-win32-arm64@1.73.0", "", { "os": "win32", "cpu": "arm64" }, "sha512-UmubCflc8zJ48bVW0WeGeVTkNuumJP//wCWKUmeTXT1iNlEqkpaXy6y7o8YJKHGWLfX0/1UV3oay9ti0EyojMw=="],

    "@bufbuild/buf-win32-x64": ["@bufbuild/buf-win32-x64@1.73.0", "", { "os": "win32", "cpu": "x64" }, "sha512-/Buo10rXzqNLnFDh3BpzGdcrx6OalcU8o8gUyObCFZA5wKcUvBVNDhhpMmoB6YeiOPpPn47jHgW4bSSlypaaOQ=="],

    "@bufbuild/protobuf": ["@bufbuild/protobuf@2.16.0", "", {}, "sha512-FWa0sPlqYGJgpTs6OxBRcL/AW4JT0OIO+W1ajerluoTVh8CV0B7XM1qsNCRgnkSCkRCgOICKHRQlY17jrsm0+Q=="],

    "@bufbuild/protoc-gen-es": ["@bufbuild/protoc-gen-es@2.16.0", "", { "dependencies": { "@bufbuild/protobuf": "2.16.0", "@bufbuild/protoplugin": "2.16.0" }, "bin": { "protoc-gen-es": "bin/protoc-gen-es" } }, "sha512-LbPrEaGd7bOxKbJHllTR5439+PZjqd6fM7xyDZkDVtZ+Efzr7TMdMqShG9Qkf/nYVyiNS/SK5r9JhRaBTFkfZw=="],

    "@bufbuild/protoplugin": ["@bufbuild/protoplugin@2.16.0", "", { "dependencies": { "@bufbuild/protobuf": "2.16.0", "@typescript/vfs": "^1.6.2", "typescript": "5.4.5" } }, "sha512-3FdYJys34VhFnBQsjiV9wurBkX/DBACQAkAk+nCKdO1p8ROVNi7gmaRAcba+4qq8hQq8rYVukuutwvGCvd4kJA=="],

    "@doelab/api": ["@doelab/api@workspace:apps/api"],

    "@doelab/db": ["@doelab/db@workspace:packages/db"],

    "@doelab/gen": ["@doelab/gen@workspace:packages/gen"],

    "@jridgewell/gen-mapping": ["@jridgewell/gen-mapping@0.3.13", "", { "dependencies": { "@jridgewell/sourcemap-codec": "^1.5.0", "@jridgewell/trace-mapping": "^0.3.24" } }, "sha512-2kkt/7niJ6MgEPxF0bYdQ6etZaA+fQvDcLKckhy1yIQOzaoKjBBjSj63/aLVjYE3qhRt5dvM+uUyfCg6UKCBbA=="],

    "@jridgewell/remapping": ["@jridgewell/remapping@2.3.5", "", { "dependencies": { "@jridgewell/gen-mapping": "^0.3.5", "@jridgewell/trace-mapping": "^0.3.24" } }, "sha512-LI9u/+laYG4Ds1TDKSJW2YPrIlcVYOwi2fUC6xB43lueCjgxV4lffOCZCtYFiH6TNOX+tQKXx97T4IKHbhyHEQ=="],

    "@jridgewell/resolve-uri": ["@jridgewell/resolve-uri@3.1.2", "", {}, "sha512-bRISgCIjP20/tbWSPWMEi54QVPRZExkuD9lJL+UIxUKtwVJA8wW1Trb1jMs1RFXo1CBTNZ/5hpC9QvmKWdopKw=="],

    "@jridgewell/sourcemap-codec": ["@jridgewell/sourcemap-codec@1.6.0", "", {}, "sha512-T7jf+5zgsZHwNJ4lvQ7/aezbyk0nNX+zJVWpmHA7VYsEx7a7qr5Rg5IbtJFqkgze5Y2sruq1RUY8Q837Od7iFw=="],

    "@jridgewell/trace-mapping": ["@jridgewell/trace-mapping@0.3.31", "", { "dependencies": { "@jridgewell/resolve-uri": "^3.1.0", "@jridgewell/sourcemap-codec": "^1.4.14" } }, "sha512-zzNR+SdQSDJzc8joaeP8QQoCQr8NuYx2dIIytl1QeBEZHJ9uW6hebsrYgbz8hJwUQao3TWCMtmfV8Nu1twOLAw=="],

    "@sveltejs/acorn-typescript": ["@sveltejs/acorn-typescript@1.0.13", "", { "peerDependencies": { "acorn": "^8.9.0" } }, "sha512-wgKggnhZVL9Bfx1OaKKTrYY9BFRk6C8UAkQNUcIv1+llzYrIqy+RZm5HPKzn0NpEBvTVhTqB4kQyllZywsRBRQ=="],

    "@turbo/darwin-64": ["@turbo/darwin-64@2.11.6", "", { "os": "darwin", "cpu": "x64" }, "sha512-nAvJwDBgz/cKoSPhB7YOGPFmDEwCRavFjy0jUsrGqR97cLyJqXU2rZC/zTnw+9J3DkB2gfjpolX7mKsBatMcCQ=="],

    "@turbo/darwin-arm64": ["@turbo/darwin-arm64@2.11.6", "", { "os": "darwin", "cpu": "arm64" }, "sha512-odk6UHW9hympllPlezz7oJhPmO40+oU8BUh4zvNuSIqQ1QQll4zo1DN4IrD/3jUzkLefvMJ8UHEHlGq9WdR7tw=="],

    "@turbo/linux-64": ["@turbo/linux-64@2.11.6", "", { "os": [ "linux", "android", ], "cpu": "x64" }, "sha512-PvXbwMqZPEWdWnJSIJ5D/tugnSOrRvLYKkH7iC8TLGVI+4J5znSLn3Tx1YkH5OUzFEFhxJQyHjtiRqBPbCoVlg=="],

    "@turbo/linux-arm64": ["@turbo/linux-arm64@2.11.6", "", { "os": [ "linux", "android", ], "cpu": "arm64" }, "sha512-8FKA3SqJk6fTv7Hqrmv2JnJfqiXslTRJYBwiI6eU3QXokVMYFLh1wUywF+w3MPtDfx1O/1otbps5AnijbzY1Kg=="],

    "@turbo/windows-64": ["@turbo/windows-64@2.11.6", "", { "os": "win32", "cpu": "x64" }, "sha512-XPSgTg494cV31u0Uch8zRq/Jnpe8h4muwNpg9IRPrJqADrjjzxzFMtJCtBZTKVaSEDUU/ol8Gr4SYxtiHt2Tzg=="],

    "@turbo/windows-arm64": ["@turbo/windows-arm64@2.11.6", "", { "os": "win32", "cpu": "arm64" }, "sha512-dZ0/ZFH2AU/l1KdqISVkWUSnm0ufWZyiYRLDYCL+rJAhkUDMFhTZkSnYEL2O/m0tOu/Jy/EKAnZfocuyMX3LMQ=="],

    "@types/estree": ["@types/estree@1.0.9", "", {}, "sha512-GhdPgy1el4/ImP05X05Uw4cw2/M93BCUmnEvWZNStlCzEKME4Fkk+YpoA5OiHNQmoS7Cafb8Xa3Pya8m1Qrzeg=="],

    "@types/node": ["@types/node@26.6.3", "", { "dependencies": { "undici-types": "~8.9.0" } }, "sha512-dsqMQQoeTLqu9wynDD00q573mNzso3IdQOAfHRJqLCcmCFPoGo9A1bDpUcv/9tnKpErQWv9uKeGfl37EIS02Yg=="],

    "@typescript/typescript-aix-ppc64": ["@typescript/typescript-aix-ppc64@7.0.2", "", { "os": "aix", "cpu": "ppc64" }, "sha512-MTKKkWB7p/0E9xi1d1tHtZ5PiLkGEMIq88pK2CubZjOsLtYTLqhgIgi6zepFa+9GHZ6h05NMCkQxGKiPXMxXtQ=="],

    "@typescript/typescript-darwin-arm64": ["@typescript/typescript-darwin-arm64@7.0.2", "", { "os": "darwin", "cpu": "arm64" }, "sha512-gowzar9MwS/aRWp6f3a4KUqzRjAZjOsmGNCM6LcTgXum+dBfgsBVMN+AgvOCCbguXyick6LJhpBszxMebJ8syA=="],

    "@typescript/typescript-darwin-x64": ["@typescript/typescript-darwin-x64@7.0.2", "", { "os": "darwin", "cpu": "x64" }, "sha512-SZ9xZInqApNlNGc9s0W1VSsktYSOe9cFqNOIqmN1Gs8SmkjKZYFt017G4VwPxASInODuAdbTW7sXiFUf893RgA=="],

    "@typescript/typescript-freebsd-arm64": ["@typescript/typescript-freebsd-arm64@7.0.2", "", { "os": "freebsd", "cpu": "arm64" }, "sha512-W5NH4y/J0plIIS5b2xvTEkU7JFxyqdMAOgf+Ilhl0vHQXKO5dZoxd+C/jEtq56c4F3wk71RB4BMRQ2XdI+bwYQ=="],

    "@typescript/typescript-freebsd-x64": ["@typescript/typescript-freebsd-x64@7.0.2", "", { "os": "freebsd", "cpu": "x64" }, "sha512-UMGDx5sTpzNw3WiPebH7l90IWfJggEd+egHt/q6p7/Cm3zqoV7VxkGXt+3DxPIw8CcmvAB0j3sVVfbhX+M4Tpw=="],

    "@typescript/typescript-linux-arm": ["@typescript/typescript-linux-arm@7.0.2", "", { "os": "linux", "cpu": "arm" }, "sha512-gffT3xPz9sR7j/YJExkyPntrI0P2EP9XbOyWzth2/Gs0RstK+90RBcO0ncXoXy/beYll1SXw846Nf2zdnEz0QQ=="],

    "@typescript/typescript-linux-arm64": ["@typescript/typescript-linux-arm64@7.0.2", "", { "os": "linux", "cpu": "arm64" }, "sha512-Qh4eU4/y3yDjnfjjyPYihMj5/ODIlmt+Bzu17OI+fiSRDW57QmU5SiN63exPRNJPKUzcc1INa1NXdrJ+MqHjUQ=="],

    "@typescript/typescript-linux-loong64": ["@typescript/typescript-linux-loong64@7.0.2", "", { "os": "linux", "cpu": "none" }, "sha512-uEHck9i8hoAzXPiYRib1O7miOnz23SxIeVl6F4LXox+qov1K35jHcEW6VHKvZI+pyvl7fZEP4MCU5LYvIq1GuQ=="],

    "@typescript/typescript-linux-mips64el": ["@typescript/typescript-linux-mips64el@7.0.2", "", { "os": "linux", "cpu": "none" }, "sha512-R4KvAMnE43W5Qeqb0Ly56O3mWMWIAgsMyz36DCaycd5nbg/9kzm0liw3JocfRqyJY0KPmzFjbswozXyW0DnIYA=="],

    "@typescript/typescript-linux-ppc64": ["@typescript/typescript-linux-ppc64@7.0.2", "", { "os": "linux", "cpu": "ppc64" }, "sha512-DORx5b3sd/4S7eayxm4FQv+A7CrkUIGRaHiwI8oiHTAI1fAPWhF4J0vAlkC8biAlHSVVwxMQ3tjZ2/DVbnQiiA=="],

    "@typescript/typescript-linux-riscv64": ["@typescript/typescript-linux-riscv64@7.0.2", "", { "os": "linux", "cpu": "none" }, "sha512-wf0jqEDOjrPRnKwYRyyJDRo11KMbvMFrU+q4zqKyChODBzvlkbhNQfKvLxQCcwTpdDaXSHZTVuh0JoCrKCUMHQ=="],

    "@typescript/typescript-linux-s390x": ["@typescript/typescript-linux-s390x@7.0.2", "", { "os": "linux", "cpu": "s390x" }, "sha512-IkwJc3L7yhytWd/ewjyxNDfOmswCm9GWMJT/ue/dU4aZNbwZeYAetq42VyLmsmSjvoX7z74X6ZaYCtzAr0EuGw=="],

    "@typescript/typescript-linux-x64": ["@typescript/typescript-linux-x64@7.0.2", "", { "os": "linux", "cpu": "x64" }, "sha512-EYdf2cNg7rgCWJnxCdJ+F3V39O8ihb37eHAu1LK8oAFizgTQbPOK7zHHXbPt8rX24COqODXeI3sIf0fCXG7H/A=="],

    "@typescript/typescript-netbsd-arm64": ["@typescript/typescript-netbsd-arm64@7.0.2", "", { "os": "none", "cpu": "arm64" }, "sha512-+polYF4MF04aPpO5FTkHran9yUQDSXqy5GiSDKpsll5jy3l3+g9QLhpf39T+ePtefhXLOGrLl0QIjkQP6VnelA=="],

    "@typescript/typescript-netbsd-x64": ["@typescript/typescript-netbsd-x64@7.0.2", "", { "os": "none", "cpu": "x64" }, "sha512-8YIT0EHM/3dq10ZOVF/A7pc/YSMtbcecct4rWtexrnSCHOPcpC2KTLXfTCR6vDpnSiY12heNb1GiN/wu+T/FyA=="],

    "@typescript/typescript-openbsd-arm64": ["@typescript/typescript-openbsd-arm64@7.0.2", "", { "os": "openbsd", "cpu": "arm64" }, "sha512-APT8+ClYnuYm1u9+kgGXoMj2VzWzcymwh2gNSQVySHfkRDGOTVkoWLjCmOQSaO+PoqQ57B0flRp9SA+7GnnkzQ=="],

    "@typescript/typescript-openbsd-x64": ["@typescript/typescript-openbsd-x64@7.0.2", "", { "os": "openbsd", "cpu": "x64" }, "sha512-yX7s+Q0Dln0Dt9tEzZsAjXXR/+ytBM7AlglaqyeMPxQszJ1JhlJdZ6jLA+IzldHtflX81em7lDao1xXu+aRRkg=="],

    "@typescript/typescript-sunos-x64": ["@typescript/typescript-sunos-x64@7.0.2", "", { "os": "sunos", "cpu": "x64" }, "sha512-dLJDGaLZ1D4HPQn62u1n8mBDkJREwMsAkCdkwd4Ieqw+x3TUyTsqY0YiBCtE6H6OzzgGk3iuZ3vFWRS+E8/d1g=="],

    "@typescript/typescript-win32-arm64": ["@typescript/typescript-win32-arm64@7.0.2", "", { "os": "win32", "cpu": "arm64" }, "sha512-Gyl1Vy6OsWesLzmq+EP0Fb7b4Nid5232AvcA2SFcdYreldpNtYFFofPjnt62y9hQy7VTaZp65ICJjuAQRaVcIQ=="],

    "@typescript/typescript-win32-x64": ["@typescript/typescript-win32-x64@7.0.2", "", { "os": "win32", "cpu": "x64" }, "sha512-0BQ3HkAHHlKLSp1qRvf3SUhGpGsDuhB/jgFw75guyqbxJqEaS0Cw/VFO8i2nHglJUzQCRtMMR/IBAKE3ETMC4g=="],

    "@typescript/vfs": ["@typescript/vfs@1.6.5", "", { "dependencies": { "debug": "^4.4.3" }, "peerDependencies": { "typescript": "*" } }, "sha512-gobLHQLmvQGJInFk31NvgMd1uYzRXsd8qgnOssyLD055R2QPnw1ubRbBQ4+T+5qC7IQVuYXdvNDE2G7tMDVHgw=="],

    "acorn": ["acorn@8.18.0", "", { "bin": { "acorn": "bin/acorn" } }, "sha512-lGq+9yr1/GuAWaVYIHRjvvySG5/4VfKIvC8EWxStPdcDh/Ka7FG3twP6v4d5BkravUilhIAsG4Qj83t02LWUPQ=="],

    "aria-query": ["aria-query@5.3.1", "", {}, "sha512-Z/ZeOgVl7bcSYZ/u/rh0fOpvEpq//LZmdbkXyc7syVzjPAhfOa9ebsdTSjEBDU4vs5nC98Kfduj1uFo0qyET3g=="],

    "axobject-query": ["axobject-query@4.1.0", "", {}, "sha512-qIj0G9wZbMGNLjLmg1PT6v2mE9AH2zlnADJD/2tC6E00hgmhUOfEB6greHPAfLRSufHqROIUTkw6E+M3lH0PTQ=="],

    "clsx": ["clsx@2.1.1", "", {}, "sha512-eYm0QWBtUrBWZWG0d386OGAw16Z995PiOVo2B7bjWSbHedGl5e0ZWaq65kOGgUSNesEIDkB9ISbTg/JK9dhCZA=="],

    "debug": ["debug@4.4.3", "", { "dependencies": { "ms": "^2.1.3" }, "peerDependencies": { "supports-color": "*" }, "optionalPeers": ["supports-color"] }, "sha512-RGwwWnwQvkVfavKVt22FGLw+xYSdzARwm0ru6DhTVA3umU5hZc28V3kO4stgYryrTlLpuvgI9GiijltAjNbcqA=="],

    "devalue": ["devalue@5.9.4", "", {}, "sha512-sPAT4pztbu6586/hrhOnMKS17IJrvg12mXiSPSS3W5qDeN2RGgvZ0diZCm31dBbnevfVmujNO3IM2wrS4Y2Rhg=="],

    "esm-env": ["esm-env@1.2.2", "", {}, "sha512-Epxrv+Nr/CaL4ZcFGPJIYLWFom+YeV1DqMLHJoEd9SYRxNbaFruBwfEX/kkHUJf55j2+TUbmDcmuilbP1TmXHA=="],

    "esrap": ["esrap@2.4.0", "", { "dependencies": { "@jridgewell/sourcemap-codec": "^1.4.15" }, "peerDependencies": { "@typescript-eslint/types": "^8.2.0" }, "optionalPeers": ["@typescript-eslint/types"] }, "sha512-CQPcneEHw/czj32uwQC52nYnax8H4SXt25FCM+LIwGZ49cMIxpOj3bP8wmzcI+Z0HIy5KkClaPhRLfCySzwHPA=="],

    "is-reference": ["is-reference@3.0.3", "", { "dependencies": { "@types/estree": "^1.0.6" } }, "sha512-ixkJoqQvAP88E6wLydLGGqCJsrFUnqoH6HnaczB8XmDH1oaWU+xxdptvikTgaEhtZ53Ky6YXiBuUI2WXLMCwjw=="],

    "locate-character": ["locate-character@3.0.0", "", {}, "sha512-SW13ws7BjaeJ6p7Q6CO2nchbYEc3X3J6WrmTTDto7yMPqVSZTUyY5Tjbid+Ab8gLnATtygYtiDIJGQRRn2ZOiA=="],

    "magic-string": ["magic-string@0.30.21", "", { "dependencies": { "@jridgewell/sourcemap-codec": "^1.5.5" } }, "sha512-vd2F4YUyEXKGcLHoq+TEyCjxueSeHnFxyyjNp80yg0XV4vUhnDer/lvvlqM/arB5bXQN5K2/3oinyCRyx8T2CQ=="],

    "ms": ["ms@2.1.3", "", {}, "sha512-6FlzubTLZG3J2a/NVCAleEhjzq5oxgHyaCU9yYXvcLsvoVaHJq/s5xXI6/XXP6tz7R9xAOtHnSO/tXtF3WRTlA=="],

    "prettier": ["prettier@3.9.9", "", { "bin": { "prettier": "bin/prettier.cjs" } }, "sha512-Z/CJHIkdujO/OtN7nXUii0Rf3VT5SRuhjBA82Xvu2XhBUgX3nhP67T0LHceBdQLex7OOFGTox+Q5Yg8Jk2Qivg=="],

    "prettier-plugin-svelte": ["prettier-plugin-svelte@4.1.1", "", { "peerDependencies": { "prettier": "^3.0.0", "svelte": "^5.0.0" } }, "sha512-wXvbXMjSvb4C9ENWTHXyd+ihakKCsJ6rJhLP6/8HFNj4GkZr48jqL9PoKsl2sk7SyCZRTnJ7O2TTowUpOxP/KA=="],

    "prettier-plugin-tailwindcss": ["prettier-plugin-tailwindcss@0.8.1", "", { "peerDependencies": { "@ianvs/prettier-plugin-sort-imports": "*", "@prettier/plugin-hermes": "*", "@prettier/plugin-oxc": "*", "@prettier/plugin-pug": "*", "@shopify/prettier-plugin-liquid": "*", "@trivago/prettier-plugin-sort-imports": "*", "@zackad/prettier-plugin-twig": "*", "prettier": "^3.0", "prettier-plugin-astro": "*", "prettier-plugin-css-order": "*", "prettier-plugin-jsdoc": "*", "prettier-plugin-marko": "*", "prettier-plugin-multiline-arrays": "*", "prettier-plugin-organize-attributes": "*", "prettier-plugin-organize-imports": "*", "prettier-plugin-sort-imports": "*", "prettier-plugin-svelte": "*" }, "optionalPeers": ["@ianvs/prettier-plugin-sort-imports", "@prettier/plugin-hermes", "@prettier/plugin-oxc", "@prettier/plugin-pug", "@shopify/prettier-plugin-liquid", "@trivago/prettier-plugin-sort-imports", "@zackad/prettier-plugin-twig", "prettier-plugin-astro", "prettier-plugin-css-order", "prettier-plugin-jsdoc", "prettier-plugin-marko", "prettier-plugin-multiline-arrays", "prettier-plugin-organize-attributes", "prettier-plugin-organize-imports", "prettier-plugin-sort-imports", "prettier-plugin-svelte"] }, "sha512-iaFMYqDsE4ffdDkn5qup0j5f2aCEBFZrdrZnvu9QKTlWx/iGPeQ4HHu7b7fCPMxeo9nwQBiOAh2nSypdFYWJkw=="],

    "svelte": ["svelte@5.57.1", "", { "dependencies": { "@jridgewell/remapping": "^2.3.5", "@jridgewell/sourcemap-codec": "^1.6.0", "@sveltejs/acorn-typescript": "^1.0.13", "@types/estree": "^1.0.9", "acorn": "^8.18.0", "aria-query": "5.3.1", "axobject-query": "^4.1.0", "clsx": "^2.1.1", "devalue": "^5.9.2", "esm-env": "^1.2.1", "esrap": "^2.3.6", "is-reference": "^3.0.3", "locate-character": "^3.0.0", "magic-string": "^0.30.11", "zimmerframe": "^1.1.2" } }, "sha512-Uqj49lWKB+iSSnneuwiYYJ7MZgkB+eXr0LXBhv4uDuAkXqnWmq65Sxflfvp0Lc6MdKjMUxGaeOKWJqz5SNiVIA=="],

    "turbo": ["turbo@2.11.6", "", { "optionalDependencies": { "@turbo/darwin-64": "2.11.6", "@turbo/darwin-arm64": "2.11.6", "@turbo/linux-64": "2.11.6", "@turbo/linux-arm64": "2.11.6", "@turbo/windows-64": "2.11.6", "@turbo/windows-arm64": "2.11.6" }, "bin": { "turbo": "bin/turbo" } }, "sha512-UppAr5XEHLfVdVp75nd+tzPp/wVEwS7Ken9aYjMlBnHqXynKn9IcQHd6GDOXBxDViSjpS+SzJcOF86v9Hf8GfQ=="],

    "typescript": ["typescript@7.0.2", "", { "optionalDependencies": { "@typescript/typescript-aix-ppc64": "7.0.2", "@typescript/typescript-darwin-arm64": "7.0.2", "@typescript/typescript-darwin-x64": "7.0.2", "@typescript/typescript-freebsd-arm64": "7.0.2", "@typescript/typescript-freebsd-x64": "7.0.2", "@typescript/typescript-linux-arm": "7.0.2", "@typescript/typescript-linux-arm64": "7.0.2", "@typescript/typescript-linux-loong64": "7.0.2", "@typescript/typescript-linux-mips64el": "7.0.2", "@typescript/typescript-linux-ppc64": "7.0.2", "@typescript/typescript-linux-riscv64": "7.0.2", "@typescript/typescript-linux-s390x": "7.0.2", "@typescript/typescript-linux-x64": "7.0.2", "@typescript/typescript-netbsd-arm64": "7.0.2", "@typescript/typescript-netbsd-x64": "7.0.2", "@typescript/typescript-openbsd-arm64": "7.0.2", "@typescript/typescript-openbsd-x64": "7.0.2", "@typescript/typescript-sunos-x64": "7.0.2", "@typescript/typescript-win32-arm64": "7.0.2", "@typescript/typescript-win32-x64": "7.0.2" }, "bin": { "tsc": "bin/tsc" } }, "sha512-8FYau96o3NKOhbjKi/qNvG/W5jhzxkbdm5sj9AbZ/5T5sWqn3hJgLfGx27sRKZWTvyzCP8dLRBTf5tBTSRVUNA=="],

    "undici-types": ["undici-types@8.9.0", "", {}, "sha512-KTDyRTYX8sWmKXAikPHHSyc63CRPETMctyjKFupcC6OBLXT3xsN0e9aF7m+mIXutFWpUXuedtowG7iLOzp0kQg=="],

    "zimmerframe": ["zimmerframe@1.1.5", "", {}, "sha512-msJxIvYDYcoNL+PJsu+7qmpDWsYmAxTY+2TNYXXF0hzBzBk0BMecOqDOG/EckUoKCuKwObfbugIl8QpqHDXeFA=="],

    "@bufbuild/protoplugin/typescript": ["typescript@5.4.5", "", { "bin": { "tsc": "bin/tsc", "tsserver": "bin/tsserver" } }, "sha512-vcI4UpRgg81oIRUFwR0WSIHKt11nJ7SAVlYNIu+QpqeyXP+gpQJy/Z4+F0aGxSE4MqwjyXvW/TzgkLAx2AGHwQ=="],
  }
}
